
Microsoft Visual Studio Solution File, Format Version 12.00
# Visual Studio Version 16
VisualStudioVersion = 16.0.30309.148
MinimumVisualStudioVersion = 10.0.40219.1
Project("{FAE04EC0-301F-11D3-BF4B-00C04F79EFBC}") = "GUI", "GUI\GUI.csproj", "{2ED4E24A-408F-4B14-A2F9-F7169413C19D}"
EndProject
Global
	GlobalSection(SolutionConfigurationPlatforms) = preSolution
		Debug|Any CPU = Debug|Any CPU
		Release|Any CPU = Release|Any CPU
	EndGlobalSection
	GlobalSection(ProjectConfigurationPlatforms) = postSolution
		{2ED4E24A-408F-4B14-A2F9-F7169413C19D}.Debug|Any CPU.ActiveCfg = Debug|Any CPU
		{2ED4E24A-408F-4B14-A2F9-F7169413C19D}.Debug|Any CPU.Build.0 = Debug|Any CPU
		{2ED4E24A-408F-4B14-A2F9-F7169413C19D}.Release|Any CPU.ActiveCfg = Release|Any CPU
		{2ED4E24A-408F-4B14-A2F9-F7169413C19D}.Release|Any CPU.Build.0 = Release|Any CPU
	EndGlobalSection
	GlobalSection(SolutionProperties) = preSolution
		HideSolutionNode = FALSE
	EndGlobalSection
	GlobalSection(ExtensibilityGlobals) = postSolution
		SolutionGuid = {E30DABD2-655C-46CA-BE20-FA57C1B429D6}
	EndGlobalSection
EndGlobal
